
Microsoft Visual Studio Solution File, Format Version 12.00
Project("{FAE04EC0-301F-11D3-BF4B-00C04F79EFBC}") = "ProjectManagement", "ProjectManagement\ProjectManagement.csproj", "{6C7658E6-8CCC-46D6-8230-FDBC3DFCF2A7}"
EndProject
Project("{FAE04EC0-301F-11D3-BF4B-00C04F79EFBC}") = "ProjectManagement.Test", "ProjectManagement.Test\ProjectManagement.Test.csproj", "{CC754E96-5AFC-4F43-8A4B-B2CF60EE56C7}"
EndProject
Global
	GlobalSection(SolutionConfigurationPlatforms) = preSolution
		Debug|Any CPU = Debug|Any CPU
		Release|Any CPU = Release|Any CPU
	EndGlobalSection
	GlobalSection(ProjectConfigurationPlatforms) = postSolution
		{6C7658E6-8CCC-46D6-8230-FDBC3DFCF2A7}.Debug|Any CPU.ActiveCfg = Debug|Any CPU
		{6C7658E6-8CCC-46D6-8230-FDBC3DFCF2A7}.Debug|Any CPU.Build.0 = Debug|Any CPU
		{6C7658E6-8CCC-46D6-8230-FDBC3DFCF2A7}.Release|Any CPU.ActiveCfg = Release|Any CPU
		{6C7658E6-8CCC-46D6-8230-FDBC3DFCF2A7}.Release|Any CPU.Build.0 = Release|Any CPU
		{CC754E96-5AFC-4F43-8A4B-B2CF60EE56C7}.Debug|Any CPU.ActiveCfg = Debug|Any CPU
		{CC754E96-5AFC-4F43-8A4B-B2CF60EE56C7}.Debug|Any CPU.Build.0 = Debug|Any CPU
		{CC754E96-5AFC-4F43-8A4B-B2CF60EE56C7}.Release|Any CPU.ActiveCfg = Release|Any CPU
		{CC754E96-5AFC-4F43-8A4B-B2CF60EE56C7}.Release|Any CPU.Build.0 = Release|Any CPU
	EndGlobalSection
EndGlobal
